
Microsoft Visual Studio Solution File, Format Version 12.00
# Visual Studio Version 18
VisualStudioVersion = 18.0.11205.157
MinimumVisualStudioVersion = 10.0.40219.1
Project("{FAE04EC0-301F-11D3-BF4B-00C04F79EFBC}") = "LambdaAOTDemo8", "src\LambdaAOTDemo8\LambdaAOTDemo8.csproj", "{8D31D942-75EE-4264-A6F0-56B39C981E74}"
EndProject
Project("{FAE04EC0-301F-11D3-BF4B-00C04F79EFBC}") = "LambdaReadyToRunDemo", "src\LambdaReadyToRunDemo\LambdaReadyToRunDemo.csproj", "{C50A3445-C4DB-47E9-B7F2-97801DF2C4D0}"
EndProject
Project("{FAE04EC0-301F-11D3-BF4B-00C04F79EFBC}") = "LambdaRegularDemo", "src\LambdaRegularDemo\LambdaRegularDemo.csproj", "{AB337C21-1E03-4697-B72D-FAE62FD17F84}"
EndProject
Project("{2150E333-8FDC-42A3-9474-1A3956D46DE8}") = "Solution Items", "Solution Items", "{8EC462FD-D22E-90A8-E5CE-7E832BA40C5D}"
	ProjectSection(SolutionItems) = preProject
		src\Dockerfile = src\Dockerfile
		README.md = README.md
	EndProjectSection
EndProject
Project("{FAE04EC0-301F-11D3-BF4B-00C04F79EFBC}") = "Shared", "src\Shared\Shared.csproj", "{E1549A51-C350-41BD-AE7E-CE476D34C4A2}"
EndProject
Project("{FAE04EC0-301F-11D3-BF4B-00C04F79EFBC}") = "LambdaInvoker", "src\LambdaInvoker\LambdaInvoker.csproj", "{1436716C-9099-4C79-923B-400DB68F497A}"
EndProject
Project("{FAE04EC0-301F-11D3-BF4B-00C04F79EFBC}") = "LambdaAOTDemo9", "src\LambdaAOTDemo9\LambdaAOTDemo9.csproj", "{023DA377-0CD5-5218-46A5-F817C64EB31B}"
EndProject
Project("{FAE04EC0-301F-11D3-BF4B-00C04F79EFBC}") = "LambdaAOTDemo10", "src\LambdaAOTDemo10\LambdaAOTDemo10.csproj", "{305B27A1-AC19-08B9-5B26-A8CDD1D1C103}"
EndProject
Global
	GlobalSection(SolutionConfigurationPlatforms) = preSolution
		Debug|Any CPU = Debug|Any CPU
		Debug|x64 = Debug|x64
		Debug|x86 = Debug|x86
		Release|Any CPU = Release|Any CPU
		Release|x64 = Release|x64
		Release|x86 = Release|x86
	EndGlobalSection
	GlobalSection(ProjectConfigurationPlatforms) = postSolution
		{8D31D942-75EE-4264-A6F0-56B39C981E74}.Debug|Any CPU.ActiveCfg = Debug|Any CPU
		{8D31D942-75EE-4264-A6F0-56B39C981E74}.Debug|Any CPU.Build.0 = Debug|Any CPU
		{8D31D942-75EE-4264-A6F0-56B39C981E74}.Debug|x64.ActiveCfg = Debug|Any CPU
		{8D31D942-75EE-4264-A6F0-56B39C981E74}.Debug|x64.Build.0 = Debug|Any CPU
		{8D31D942-75EE-4264-A6F0-56B39C981E74}.Debug|x86.ActiveCfg = Debug|Any CPU
		{8D31D942-75EE-4264-A6F0-56B39C981E74}.Debug|x86.Build.0 = Debug|Any CPU
		{8D31D942-75EE-4264-A6F0-56B39C981E74}.Release|Any CPU.ActiveCfg = Release|Any CPU
		{8D31D942-75EE-4264-A6F0-56B39C981E74}.Release|Any CPU.Build.0 = Release|Any CPU
		{8D31D942-75EE-4264-A6F0-56B39C981E74}.Release|x64.ActiveCfg = Release|Any CPU
		{8D31D942-75EE-4264-A6F0-56B39C981E74}.Release|x64.Build.0 = Release|Any CPU
		{8D31D942-75EE-4264-A6F0-56B39C981E74}.Release|x86.ActiveCfg = Release|Any CPU
		{8D31D942-75EE-4264-A6F0-56B39C981E74}.Release|x86.Build.0 = Release|Any CPU
		{C50A3445-C4DB-47E9-B7F2-97801DF2C4D0}.Debug|Any CPU.ActiveCfg = Debug|Any CPU
		{C50A3445-C4DB-47E9-B7F2-97801DF2C4D0}.Debug|Any CPU.Build.0 = Debug|Any CPU
		{C50A3445-C4DB-47E9-B7F2-97801DF2C4D0}.Debug|x64.ActiveCfg = Debug|Any CPU
		{C50A3445-C4DB-47E9-B7F2-97801DF2C4D0}.Debug|x64.Build.0 = Debug|Any CPU
		{C50A3445-C4DB-47E9-B7F2-97801DF2C4D0}.Debug|x86.ActiveCfg = Debug|Any CPU
		{C50A3445-C4DB-47E9-B7F2-97801DF2C4D0}.Debug|x86.Build.0 = Debug|Any CPU
		{C50A3445-C4DB-47E9-B7F2-97801DF2C4D0}.Release|Any CPU.ActiveCfg = Release|Any CPU
		{C50A3445-C4DB-47E9-B7F2-97801DF2C4D0}.Release|Any CPU.Build.0 = Release|Any CPU
		{C50A3445-C4DB-47E9-B7F2-97801DF2C4D0}.Release|x64.ActiveCfg = Release|Any CPU
		{C50A3445-C4DB-47E9-B7F2-97801DF2C4D0}.Release|x64.Build.0 = Release|Any CPU
		{C50A3445-C4DB-47E9-B7F2-97801DF2C4D0}.Release|x86.ActiveCfg = Release|Any CPU
		{C50A3445-C4DB-47E9-B7F2-97801DF2C4D0}.Release|x86.Build.0 = Release|Any CPU
		{AB337C21-1E03-4697-B72D-FAE62FD17F84}.Debug|Any CPU.ActiveCfg = Debug|Any CPU
		{AB337C21-1E03-4697-B72D-FAE62FD17F84}.Debug|Any CPU.Build.0 = Debug|Any CPU
		{AB337C21-1E03-4697-B72D-FAE62FD17F84}.Debug|x64.ActiveCfg = Debug|Any CPU
		{AB337C21-1E03-4697-B72D-FAE62FD17F84}.Debug|x64.Build.0 = Debug|Any CPU
		{AB337C21-1E03-4697-B72D-FAE62FD17F84}.Debug|x86.ActiveCfg = Debug|Any CPU
		{AB337C21-1E03-4697-B72D-FAE62FD17F84}.Debug|x86.Build.0 = Debug|Any CPU
		{AB337C21-1E03-4697-B72D-FAE62FD17F84}.Release|Any CPU.ActiveCfg = Release|Any CPU
		{AB337C21-1E03-4697-B72D-FAE62FD17F84}.Release|Any CPU.Build.0 = Release|Any CPU
		{AB337C21-1E03-4697-B72D-FAE62FD17F84}.Release|x64.ActiveCfg = Release|Any CPU
		{AB337C21-1E03-4697-B72D-FAE62FD17F84}.Release|x64.Build.0 = Release|Any CPU
		{AB337C21-1E03-4697-B72D-FAE62FD17F84}.Release|x86.ActiveCfg = Release|Any CPU
		{AB337C21-1E03-4697-B72D-FAE62FD17F84}.Release|x86.Build.0 = Release|Any CPU
		{E1549A51-C350-41BD-AE7E-CE476D34C4A2}.Debug|Any CPU.ActiveCfg = Debug|Any CPU
		{E1549A51-C350-41BD-AE7E-CE476D34C4A2}.Debug|Any CPU.Build.0 = Debug|Any CPU
		{E1549A51-C350-41BD-AE7E-CE476D34C4A2}.Debug|x64.ActiveCfg = Debug|Any CPU
		{E1549A51-C350-41BD-AE7E-CE476D34C4A2}.Debug|x64.Build.0 = Debug|Any CPU
		{E1549A51-C350-41BD-AE7E-CE476D34C4A2}.Debug|x86.ActiveCfg = Debug|Any CPU
		{E1549A51-C350-41BD-AE7E-CE476D34C4A2}.Debug|x86.Build.0 = Debug|Any CPU
		{E1549A51-C350-41BD-AE7E-CE476D34C4A2}.Release|Any CPU.ActiveCfg = Release|Any CPU
		{E1549A51-C350-41BD-AE7E-CE476D34C4A2}.Release|Any CPU.Build.0 = Release|Any CPU
		{E1549A51-C350-41BD-AE7E-CE476D34C4A2}.Release|x64.ActiveCfg = Release|Any CPU
		{E1549A51-C350-41BD-AE7E-CE476D34C4A2}.Release|x64.Build.0 = Release|Any CPU
		{E1549A51-C350-41BD-AE7E-CE476D34C4A2}.Release|x86.ActiveCfg = Release|Any CPU
		{E1549A51-C350-41BD-AE7E-CE476D34C4A2}.Release|x86.Build.0 = Release|Any CPU
		{1436716C-9099-4C79-923B-400DB68F497A}.Debug|Any CPU.ActiveCfg = Debug|Any CPU
		{1436716C-9099-4C79-923B-400DB68F497A}.Debug|Any CPU.Build.0 = Debug|Any CPU
		{1436716C-9099-4C79-923B-400DB68F497A}.Debug|x64.ActiveCfg = Debug|Any CPU
		{1436716C-9099-4C79-923B-400DB68F497A}.Debug|x64.Build.0 = Debug|Any CPU
		{1436716C-9099-4C79-923B-400DB68F497A}.Debug|x86.ActiveCfg = Debug|Any CPU
		{1436716C-9099-4C79-923B-400DB68F497A}.Debug|x86.Build.0 = Debug|Any CPU
		{1436716C-9099-4C79-923B-400DB68F497A}.Release|Any CPU.ActiveCfg = Release|Any CPU
		{1436716C-9099-4C79-923B-400DB68F497A}.Release|Any CPU.Build.0 = Release|Any CPU
		{1436716C-9099-4C79-923B-400DB68F497A}.Release|x64.ActiveCfg = Release|Any CPU
		{1436716C-9099-4C79-923B-400DB68F497A}.Release|x64.Build.0 = Release|Any CPU
		{1436716C-9099-4C79-923B-400DB68F497A}.Release|x86.ActiveCfg = Release|Any CPU
		{1436716C-9099-4C79-923B-400DB68F497A}.Release|x86.Build.0 = Release|Any CPU
		{023DA377-0CD5-5218-46A5-F817C64EB31B}.Debug|Any CPU.ActiveCfg = Debug|Any CPU
		{023DA377-0CD5-5218-46A5-F817C64EB31B}.Debug|Any CPU.Build.0 = Debug|Any CPU
		{023DA377-0CD5-5218-46A5-F817C64EB31B}.Debug|x64.ActiveCfg = Debug|Any CPU
		{023DA377-0CD5-5218-46A5-F817C64EB31B}.Debug|x64.Build.0 = Debug|Any CPU
		{023DA377-0CD5-5218-46A5-F817C64EB31B}.Debug|x86.ActiveCfg = Debug|Any CPU
		{023DA377-0CD5-5218-46A5-F817C64EB31B}.Debug|x86.Build.0 = Debug|Any CPU
		{023DA377-0CD5-5218-46A5-F817C64EB31B}.Release|Any CPU.ActiveCfg = Release|Any CPU
		{023DA377-0CD5-5218-46A5-F817C64EB31B}.Release|Any CPU.Build.0 = Release|Any CPU
		{023DA377-0CD5-5218-46A5-F817C64EB31B}.Release|x64.ActiveCfg = Release|Any CPU
		{023DA377-0CD5-5218-46A5-F817C64EB31B}.Release|x64.Build.0 = Release|Any CPU
		{023DA377-0CD5-5218-46A5-F817C64EB31B}.Release|x86.ActiveCfg = Release|Any CPU
		{023DA377-0CD5-5218-46A5-F817C64EB31B}.Release|x86.Build.0 = Release|Any CPU
		{305B27A1-AC19-08B9-5B26-A8CDD1D1C103}.Debug|Any CPU.ActiveCfg = Debug|Any CPU
		{305B27A1-AC19-08B9-5B26-A8CDD1D1C103}.Debug|Any CPU.Build.0 = Debug|Any CPU
		{305B27A1-AC19-08B9-5B26-A8CDD1D1C103}.Debug|x64.ActiveCfg = Debug|Any CPU
		{305B27A1-AC19-08B9-5B26-A8CDD1D1C103}.Debug|x64.Build.0 = Debug|Any CPU
		{305B27A1-AC19-08B9-5B26-A8CDD1D1C103}.Debug|x86.ActiveCfg = Debug|Any CPU
		{305B27A1-AC19-08B9-5B26-A8CDD1D1C103}.Debug|x86.Build.0 = Debug|Any CPU
		{305B27A1-AC19-08B9-5B26-A8CDD1D1C103}.Release|Any CPU.ActiveCfg = Release|Any CPU
		{305B27A1-AC19-08B9-5B26-A8CDD1D1C103}.Release|Any CPU.Build.0 = Release|Any CPU
		{305B27A1-AC19-08B9-5B26-A8CDD1D1C103}.Release|x64.ActiveCfg = Release|Any CPU
		{305B27A1-AC19-08B9-5B26-A8CDD1D1C103}.Release|x64.Build.0 = Release|Any CPU
		{305B27A1-AC19-08B9-5B26-A8CDD1D1C103}.Release|x86.ActiveCfg = Release|Any CPU
		{305B27A1-AC19-08B9-5B26-A8CDD1D1C103}.Release|x86.Build.0 = Release|Any CPU
	EndGlobalSection
	GlobalSection(SolutionProperties) = preSolution
		HideSolutionNode = FALSE
	EndGlobalSection
	GlobalSection(ExtensibilityGlobals) = postSolution
		SolutionGuid = {D07527BF-B6C8-402C-B6F5-1FB63E48F74C}
	EndGlobalSection
EndGlobal
